// !$*UTF8*$!
{
	archiveVersion = 1;
	classes = {
	};
	objectVersion = 55;
	objects = {

/* Begin PBXBuildFile section */
		7F96567B27C5F64A00D67B28 /* AppDelegate.swift in Sources */ = {isa = PBXBuildFile; fileRef = 7F96567A27C5F64A00D67B28 /* AppDelegate.swift */; };
		7F96567D27C5F64A00D67B28 /* SceneDelegate.swift in Sources */ = {isa = PBXBuildFile; fileRef = 7F96567C27C5F64A00D67B28 /* SceneDelegate.swift */; };
		7F96567F27C5F64A00D67B28 /* RemainderListView.swift in Sources */ = {isa = PBXBuildFile; fileRef = 7F96567E27C5F64A00D67B28 /* RemainderListView.swift */; };
		7F96568227C5F64A00D67B28 /* Main.storyboard in Resources */ = {isa = PBXBuildFile; fileRef = 7F96568027C5F64A00D67B28 /* Main.storyboard */; };
		7F96568427C5F64B00D67B28 /* Assets.xcassets in Resources */ = {isa = PBXBuildFile; fileRef = 7F96568327C5F64B00D67B28 /* Assets.xcassets */; };
		7F96568727C5F64B00D67B28 /* LaunchScreen.storyboard in Resources */ = {isa = PBXBuildFile; fileRef = 7F96568527C5F64B00D67B28 /* LaunchScreen.storyboard */; };
		7F96568F27C604B100D67B28 /* Remainder .swift in Sources */ = {isa = PBXBuildFile; fileRef = 7F96568E27C604B100D67B28 /* Remainder .swift */; };
		7F96569427C6236C00D67B28 /* RemainderListCell.swift in Sources */ = {isa = PBXBuildFile; fileRef = 7F96569327C6236C00D67B28 /* RemainderListCell.swift */; };
		7F96569627C7325100D67B28 /* DetailViewController.swift in Sources */ = {isa = PBXBuildFile; fileRef = 7F96569527C7325100D67B28 /* DetailViewController.swift */; };
		7F96569827C74CF800D67B28 /* ReminderListDataSource.swift in Sources */ = {isa = PBXBuildFile; fileRef = 7F96569727C74CF800D67B28 /* ReminderListDataSource.swift */; };
		7F96569A27C76C0C00D67B28 /* ReminderDetailViewDataSource.swift in Sources */ = {isa = PBXBuildFile; fileRef = 7F96569927C76C0C00D67B28 /* ReminderDetailViewDataSource.swift */; };
		7F96569C27C7A40E00D67B28 /* EditTitleCell.swift in Sources */ = {isa = PBXBuildFile; fileRef = 7F96569B27C7A40E00D67B28 /* EditTitleCell.swift */; };
		7F96569E27C7A41800D67B28 /* EditDateCell.swift in Sources */ = {isa = PBXBuildFile; fileRef = 7F96569D27C7A41800D67B28 /* EditDateCell.swift */; };
		7F9656A027C7A42B00D67B28 /* EditNotesCell.swift in Sources */ = {isa = PBXBuildFile; fileRef = 7F96569F27C7A42B00D67B28 /* EditNotesCell.swift */; };
		7F9656A227C8A16A00D67B28 /* ReminderDetailEditDataSource.swift in Sources */ = {isa = PBXBuildFile; fileRef = 7F9656A127C8A16A00D67B28 /* ReminderDetailEditDataSource.swift */; };
/* End PBXBuildFile section */

/* Begin PBXFileReference section */
		7F96567727C5F64A00D67B28 /* Today.app */ = {isa = PBXFileReference; explicitFileType = wrapper.application; includeInIndex = 0; path = Today.app; sourceTree = BUILT_PRODUCTS_DIR; };
		7F96567A27C5F64A00D67B28 /* AppDelegate.swift */ = {isa = PBXFileReference; lastKnownFileType = sourcecode.swift; path = AppDelegate.swift; sourceTree = "<group>"; };
		7F96567C27C5F64A00D67B28 /* SceneDelegate.swift */ = {isa = PBXFileReference; lastKnownFileType = sourcecode.swift; path = SceneDelegate.swift; sourceTree = "<group>"; };
		7F96567E27C5F64A00D67B28 /* RemainderListView.swift */ = {isa = PBXFileReference; lastKnownFileType = sourcecode.swift; path = RemainderListView.swift; sourceTree = "<group>"; };
		7F96568127C5F64A00D67B28 /* Base */ = {isa = PBXFileReference; lastKnownFileType = file.storyboard; name = Base; path = Base.lproj/Main.storyboard; sourceTree = "<group>"; };
		7F96568327C5F64B00D67B28 /* Assets.xcassets */ = {isa = PBXFileReference; lastKnownFileType = folder.assetcatalog; path = Assets.xcassets; sourceTree = "<group>"; };
		7F96568627C5F64B00D67B28 /* Base */ = {isa = PBXFileReference; lastKnownFileType = file.storyboard; name = Base; path = Base.lproj/LaunchScreen.storyboard; sourceTree = "<group>"; };
		7F96568827C5F64B00D67B28 /* Info.plist */ = {isa = PBXFileReference; lastKnownFileType = text.plist.xml; path = Info.plist; sourceTree = "<group>"; };
		7F96568E27C604B100D67B28 /* Remainder .swift */ = {isa = PBXFileReference; lastKnownFileType = sourcecode.swift; path = "Remainder .swift"; sourceTree = "<group>"; };
		7F96569327C6236C00D67B28 /* RemainderListCell.swift */ = {isa = PBXFileReference; lastKnownFileType = sourcecode.swift; path = RemainderListCell.swift; sourceTree = "<group>"; };
		7F96569527C7325100D67B28 /* DetailViewController.swift */ = {isa = PBXFileReference; lastKnownFileType = sourcecode.swift; path = DetailViewController.swift; sourceTree = "<group>"; };
		7F96569727C74CF800D67B28 /* ReminderListDataSource.swift */ = {isa = PBXFileReference; lastKnownFileType = sourcecode.swift; path = ReminderListDataSource.swift; sourceTree = "<group>"; };
		7F96569927C76C0C00D67B28 /* ReminderDetailViewDataSource.swift */ = {isa = PBXFileReference; lastKnownFileType = sourcecode.swift; path = ReminderDetailViewDataSource.swift; sourceTree = "<group>"; };
		7F96569B27C7A40E00D67B28 /* EditTitleCell.swift */ = {isa = PBXFileReference; lastKnownFileType = sourcecode.swift; path = EditTitleCell.swift; sourceTree = "<group>"; };
		7F96569D27C7A41800D67B28 /* EditDateCell.swift */ = {isa = PBXFileReference; lastKnownFileType = sourcecode.swift; path = EditDateCell.swift; sourceTree = "<group>"; };
		7F96569F27C7A42B00D67B28 /* EditNotesCell.swift */ = {isa = PBXFileReference; lastKnownFileType = sourcecode.swift; path = EditNotesCell.swift; sourceTree = "<group>"; };
		7F9656A127C8A16A00D67B28 /* ReminderDetailEditDataSource.swift */ = {isa = PBXFileReference; lastKnownFileType = sourcecode.swift; path = ReminderDetailEditDataSource.swift; sourceTree = "<group>"; };
/* End PBXFileReference section */

/* Begin PBXFrameworksBuildPhase section */
		7F96567427C5F64A00D67B28 /* Frameworks */ = {
			isa = PBXFrameworksBuildPhase;
			buildActionMask = 2147483647;
			files = (
			);
			runOnlyForDeploymentPostprocessing = 0;
		};
/* End PBXFrameworksBuildPhase section */

/* Begin PBXGroup section */
		7F96566E27C5F64A00D67B28 = {
			isa = PBXGroup;
			children = (
				7F96567927C5F64A00D67B28 /* Today */,
				7F96567827C5F64A00D67B28 /* Products */,
			);
			sourceTree = "<group>";
		};
		7F96567827C5F64A00D67B28 /* Products */ = {
			isa = PBXGroup;
			children = (
				7F96567727C5F64A00D67B28 /* Today.app */,
			);
			name = Products;
			sourceTree = "<group>";
		};
		7F96567927C5F64A00D67B28 /* Today */ = {
			isa = PBXGroup;
			children = (
				7F96567A27C5F64A00D67B28 /* AppDelegate.swift */,
				7F96567C27C5F64A00D67B28 /* SceneDelegate.swift */,
				7F96569027C604B900D67B28 /* Model */,
				7F96569127C604C800D67B28 /* View */,
				7F96569227C6051200D67B28 /* Controller */,
				7F96568327C5F64B00D67B28 /* Assets.xcassets */,
				7F96568527C5F64B00D67B28 /* LaunchScreen.storyboard */,
				7F96568827C5F64B00D67B28 /* Info.plist */,
			);
			path = Today;
			sourceTree = "<group>";
		};
		7F96569027C604B900D67B28 /* Model */ = {
			isa = PBXGroup;
			children = (
				7F96568E27C604B100D67B28 /* Remainder .swift */,
				7F96569727C74CF800D67B28 /* ReminderListDataSource.swift */,
				7F96569927C76C0C00D67B28 /* ReminderDetailViewDataSource.swift */,
				7F9656A127C8A16A00D67B28 /* ReminderDetailEditDataSource.swift */,
			);
			path = Model;
			sourceTree = "<group>";
		};
		7F96569127C604C800D67B28 /* View */ = {
			isa = PBXGroup;
			children = (
				7F96568027C5F64A00D67B28 /* Main.storyboard */,
			);
			path = View;
			sourceTree = "<group>";
		};
		7F96569227C6051200D67B28 /* Controller */ = {
			isa = PBXGroup;
			children = (
				7F96567E27C5F64A00D67B28 /* RemainderListView.swift */,
				7F96569327C6236C00D67B28 /* RemainderListCell.swift */,
				7F96569527C7325100D67B28 /* DetailViewController.swift */,
				7F96569B27C7A40E00D67B28 /* EditTitleCell.swift */,
				7F96569D27C7A41800D67B28 /* EditDateCell.swift */,
				7F96569F27C7A42B00D67B28 /* EditNotesCell.swift */,
			);
			path = Controller;
			sourceTree = "<group>";
		};
/* End PBXGroup section */

/* Begin PBXNativeTarget section */
		7F96567627C5F64A00D67B28 /* Today */ = {
			isa = PBXNativeTarget;
			buildConfigurationList = 7F96568B27C5F64B00D67B28 /* Build configuration list for PBXNativeTarget "Today" */;
			buildPhases = (
				7F96567327C5F64A00D67B28 /* Sources */,
				7F96567427C5F64A00D67B28 /* Frameworks */,
				7F96567527C5F64A00D67B28 /* Resources */,
			);
			buildRules = (
			);
			dependencies = (
			);
			name = Today;
			productName = Today;
			productReference = 7F96567727C5F64A00D67B28 /* Today.app */;
			productType = "com.apple.product-type.application";
		};
/* End PBXNativeTarget section */

/* Begin PBXProject section */
		7F96566F27C5F64A00D67B28 /* Project object */ = {
			isa = PBXProject;
			attributes = {
				BuildIndependentTargetsInParallel = 1;
				LastSwiftUpdateCheck = 1320;
				LastUpgradeCheck = 1320;
				TargetAttributes = {
					7F96567627C5F64A00D67B28 = {
						CreatedOnToolsVersion = 13.2.1;
					};
				};
			};
			buildConfigurationList = 7F96567227C5F64A00D67B28 /* Build configuration list for PBXProject "Today" */;
			compatibilityVersion = "Xcode 13.0";
			developmentRegion = en;
			hasScannedForEncodings = 0;
			knownRegions = (
				en,
				Base,
			);
			mainGroup = 7F96566E27C5F64A00D67B28;
			productRefGroup = 7F96567827C5F64A00D67B28 /* Products */;
			projectDirPath = "";
			projectRoot = "";
			targets = (
				7F96567627C5F64A00D67B28 /* Today */,
			);
		};
/* End PBXProject section */

/* Begin PBXResourcesBuildPhase section */
		7F96567527C5F64A00D67B28 /* Resources */ = {
			isa = PBXResourcesBuildPhase;
			buildActionMask = 2147483647;
			files = (
				7F96568727C5F64B00D67B28 /* LaunchScreen.storyboard in Resources */,
				7F96568427C5F64B00D67B28 /* Assets.xcassets in Resources */,
				7F96568227C5F64A00D67B28 /* Main.storyboard in Resources */,
			);
			runOnlyForDeploymentPostprocessing = 0;
		};
/* End PBXResourcesBuildPhase section */

/* Begin PBXSourcesBuildPhase section */
		7F96567327C5F64A00D67B28 /* Sources */ = {
			isa = PBXSourcesBuildPhase;
			buildActionMask = 2147483647;
			files = (
				7F96567F27C5F64A00D67B28 /* RemainderListView.swift in Sources */,
				7F96567B27C5F64A00D67B28 /* AppDelegate.swift in Sources */,
				7F96569C27C7A40E00D67B28 /* EditTitleCell.swift in Sources */,
				7F96568F27C604B100D67B28 /* Remainder .swift in Sources */,
				7F96569627C7325100D67B28 /* DetailViewController.swift in Sources */,
				7F96569A27C76C0C00D67B28 /* ReminderDetailViewDataSource.swift in Sources */,
				7F96569427C6236C00D67B28 /* RemainderListCell.swift in Sources */,
				7F9656A027C7A42B00D67B28 /* EditNotesCell.swift in Sources */,
				7F96569E27C7A41800D67B28 /* EditDateCell.swift in Sources */,
				7F96567D27C5F64A00D67B28 /* SceneDelegate.swift in Sources */,
				7F96569827C74CF800D67B28 /* ReminderListDataSource.swift in Sources */,
				7F9656A227C8A16A00D67B28 /* ReminderDetailEditDataSource.swift in Sources */,
			);
			runOnlyForDeploymentPostprocessing = 0;
		};
/* End PBXSourcesBuildPhase section */

/* Begin PBXVariantGroup section */
		7F96568027C5F64A00D67B28 /* Main.storyboard */ = {
			isa = PBXVariantGroup;
			children = (
				7F96568127C5F64A00D67B28 /* Base */,
			);
			name = Main.storyboard;
			sourceTree = "<group>";
		};
		7F96568527C5F64B00D67B28 /* LaunchScreen.storyboard */ = {
			isa = PBXVariantGroup;
			children = (
				7F96568627C5F64B00D67B28 /* Base */,
			);
			name = LaunchScreen.storyboard;
			sourceTree = "<group>";
		};
/* End PBXVariantGroup section */

/* Begin XCBuildConfiguration section */
		7F96568927C5F64B00D67B28 /* Debug */ = {
			isa = XCBuildConfiguration;
			buildSettings = {
				ALWAYS_SEARCH_USER_PATHS = NO;
				CLANG_ANALYZER_NONNULL = YES;
				CLANG_ANALYZER_NUMBER_OBJECT_CONVERSION = YES_AGGRESSIVE;
				CLANG_CXX_LANGUAGE_STANDARD = "gnu++17";
				CLANG_CXX_LIBRARY = "libc++";
				CLANG_ENABLE_MODULES = YES;
				CLANG_ENABLE_OBJC_ARC = YES;
				CLANG_ENABLE_OBJC_WEAK = YES;
				CLANG_WARN_BLOCK_CAPTURE_AUTORELEASING = YES;
				CLANG_WARN_BOOL_CONVERSION = YES;
				CLANG_WARN_COMMA = YES;
				CLANG_WARN_CONSTANT_CONVERSION = YES;
				CLANG_WARN_DEPRECATED_OBJC_IMPLEMENTATIONS = YES;
				CLANG_WARN_DIRECT_OBJC_ISA_USAGE = YES_ERROR;
				CLANG_WARN_DOCUMENTATION_COMMENTS = YES;
				CLANG_WARN_EMPTY_BODY = YES;
				CLANG_WARN_ENUM_CONVERSION = YES;
				CLANG_WARN_INFINITE_RECURSION = YES;
				CLANG_WARN_INT_CONVERSION = YES;
				CLANG_WARN_NON_LITERAL_NULL_CONVERSION = YES;
				CLANG_WARN_OBJC_IMPLICIT_RETAIN_SELF = YES;
				CLANG_WARN_OBJC_LITERAL_CONVERSION = YES;
				CLANG_WARN_OBJC_ROOT_CLASS = YES_ERROR;
				CLANG_WARN_QUOTED_INCLUDE_IN_FRAMEWORK_HEADER = YES;
				CLANG_WARN_RANGE_LOOP_ANALYSIS = YES;
				CLANG_WARN_STRICT_PROTOTYPES = YES;
				CLANG_WARN_SUSPICIOUS_MOVE = YES;
				CLANG_WARN_UNGUARDED_AVAILABILITY = YES_AGGRESSIVE;
				CLANG_WARN_UNREACHABLE_CODE = YES;
				CLANG_WARN__DUPLICATE_METHOD_MATCH = YES;
				COPY_PHASE_STRIP = NO;
				DEBUG_INFORMATION_FORMAT = dwarf;
				ENABLE_STRICT_OBJC_MSGSEND = YES;
				ENABLE_TESTABILITY = YES;
				GCC_C_LANGUAGE_STANDARD = gnu11;
				GCC_DYNAMIC_NO_PIC = NO;
				GCC_NO_COMMON_BLOCKS = YES;
				GCC_OPTIMIZATION_LEVEL = 0;
				GCC_PREPROCESSOR_DEFINITIONS = (
					"DEBUG=1",
					"$(inherited)",
				);
				GCC_WARN_64_TO_32_BIT_CONVERSION = YES;
				GCC_WARN_ABOUT_RETURN_TYPE = YES_ERROR;
				GCC_WARN_UNDECLARED_SELECTOR = YES;
				GCC_WARN_UNINITIALIZED_AUTOS = YES_AGGRESSIVE;
				GCC_WARN_UNUSED_FUNCTION = YES;
				GCC_WARN_UNUSED_VARIABLE = YES;
				IPHONEOS_DEPLOYMENT_TARGET = 15.2;
				MTL_ENABLE_DEBUG_INFO = INCLUDE_SOURCE;
				MTL_FAST_MATH = YES;
				ONLY_ACTIVE_ARCH = YES;
				SDKROOT = iphoneos;
				SWIFT_ACTIVE_COMPILATION_CONDITIONS = DEBUG;
				SWIFT_OPTIMIZATION_LEVEL = "-Onone";
			};
			name = Debug;
		};
		7F96568A27C5F64B00D67B28 /* Release */ = {
			isa = XCBuildConfiguration;
			buildSettings = {
				ALWAYS_SEARCH_USER_PATHS = NO;
				CLANG_ANALYZER_NONNULL = YES;
				CLANG_ANALYZER_NUMBER_OBJECT_CONVERSION = YES_AGGRESSIVE;
				CLANG_CXX_LANGUAGE_STANDARD = "gnu++17";
				CLANG_CXX_LIBRARY = "libc++";
				CLANG_ENABLE_MODULES = YES;
				CLANG_ENABLE_OBJC_ARC = YES;
				CLANG_ENABLE_OBJC_WEAK = YES;
				CLANG_WARN_BLOCK_CAPTURE_AUTORELEASING = YES;
				CLANG_WARN_BOOL_CONVERSION = YES;
				CLANG_WARN_COMMA = YES;
				CLANG_WARN_CONSTANT_CONVERSION = YES;
				CLANG_WARN_DEPRECATED_OBJC_IMPLEMENTATIONS = YES;
				CLANG_WARN_DIRECT_OBJC_ISA_USAGE = YES_ERROR;
				CLANG_WARN_DOCUMENTATION_COMMENTS = YES;
				CLANG_WARN_EMPTY_BODY = YES;
				CLANG_WARN_ENUM_CONVERSION = YES;
				CLANG_WARN_INFINITE_RECURSION = YES;
				CLANG_WARN_INT_CONVERSION = YES;
				CLANG_WARN_NON_LITERAL_NULL_CONVERSION = YES;
				CLANG_WARN_OBJC_IMPLICIT_RETAIN_SELF = YES;
				CLANG_WARN_OBJC_LITERAL_CONVERSION = YES;
				CLANG_WARN_OBJC_ROOT_CLASS = YES_ERROR;
				CLANG_WARN_QUOTED_INCLUDE_IN_FRAMEWORK_HEADER = YES;
				CLANG_WARN_RANGE_LOOP_ANALYSIS = YES;
				CLANG_WARN_STRICT_PROTOTYPES = YES;
				CLANG_WARN_SUSPICIOUS_MOVE = YES;
				CLANG_WARN_UNGUARDED_AVAILABILITY = YES_AGGRESSIVE;
				CLANG_WARN_UNREACHABLE_CODE = YES;
				CLANG_WARN__DUPLICATE_METHOD_MATCH = YES;
				COPY_PHASE_STRIP = NO;
				DEBUG_INFORMATION_FORMAT = "dwarf-with-dsym";
				ENABLE_NS_ASSERTIONS = NO;
				ENABLE_STRICT_OBJC_MSGSEND = YES;
				GCC_C_LANGUAGE_STANDARD = gnu11;
				GCC_NO_COMMON_BLOCKS = YES;
				GCC_WARN_64_TO_32_BIT_CONVERSION = YES;
				GCC_WARN_ABOUT_RETURN_TYPE = YES_ERROR;
				GCC_WARN_UNDECLARED_SELECTOR = YES;
				GCC_WARN_UNINITIALIZED_AUTOS = YES_AGGRESSIVE;
				GCC_WARN_UNUSED_FUNCTION = YES;
				GCC_WARN_UNUSED_VARIABLE = YES;
				IPHONEOS_DEPLOYMENT_TARGET = 15.2;
				MTL_ENABLE_DEBUG_INFO = NO;
				MTL_FAST_MATH = YES;
				SDKROOT = iphoneos;
				SWIFT_COMPILATION_MODE = wholemodule;
				SWIFT_OPTIMIZATION_LEVEL = "-O";
				VALIDATE_PRODUCT = YES;
			};
			name = Release;
		};
		7F96568C27C5F64B00D67B28 /* Debug */ = {
			isa = XCBuildConfiguration;
			buildSettings = {
				ASSETCATALOG_COMPILER_APPICON_NAME = AppIcon;
				ASSETCATALOG_COMPILER_GLOBAL_ACCENT_COLOR_NAME = AccentColor;
				CODE_SIGN_STYLE = Automatic;
				CURRENT_PROJECT_VERSION = 1;
				GENERATE_INFOPLIST_FILE = YES;
				INFOPLIST_FILE = Today/Info.plist;
				INFOPLIST_KEY_UIApplicationSupportsIndirectInputEvents = YES;
				INFOPLIST_KEY_UILaunchStoryboardName = LaunchScreen;
				INFOPLIST_KEY_UIMainStoryboardFile = Main;
				INFOPLIST_KEY_UISupportedInterfaceOrientations_iPad = "UIInterfaceOrientationPortrait UIInterfaceOrientationPortraitUpsideDown UIInterfaceOrientationLandscapeLeft UIInterfaceOrientationLandscapeRight";
				INFOPLIST_KEY_UISupportedInterfaceOrientations_iPhone = "UIInterfaceOrientationPortrait UIInterfaceOrientationLandscapeLeft UIInterfaceOrientationLandscapeRight";
				LD_RUNPATH_SEARCH_PATHS = (
					"$(inherited)",
					"@executable_path/Frameworks",
				);
				MARKETING_VERSION = 1.0;
				PRODUCT_BUNDLE_IDENTIFIER = com.study.Today;
				PRODUCT_NAME = "$(TARGET_NAME)";
				SWIFT_EMIT_LOC_STRINGS = YES;
				SWIFT_VERSION = 5.0;
				TARGETED_DEVICE_FAMILY = "1,2";
			};
			name = Debug;
		};
		7F96568D27C5F64B00D67B28 /* Release */ = {
			isa = XCBuildConfiguration;
			buildSettings = {
				ASSETCATALOG_COMPILER_APPICON_NAME = AppIcon;
				ASSETCATALOG_COMPILER_GLOBAL_ACCENT_COLOR_NAME = AccentColor;
				CODE_SIGN_STYLE = Automatic;
				CURRENT_PROJECT_VERSION = 1;
				GENERATE_INFOPLIST_FILE = YES;
				INFOPLIST_FILE = Today/Info.plist;
				INFOPLIST_KEY_UIApplicationSupportsIndirectInputEvents = YES;
				INFOPLIST_KEY_UILaunchStoryboardName = LaunchScreen;
				INFOPLIST_KEY_UIMainStoryboardFile = Main;
				INFOPLIST_KEY_UISupportedInterfaceOrientations_iPad = "UIInterfaceOrientationPortrait UIInterfaceOrientationPortraitUpsideDown UIInterfaceOrientationLandscapeLeft UIInterfaceOrientationLandscapeRight";
				INFOPLIST_KEY_UISupportedInterfaceOrientations_iPhone = "UIInterfaceOrientationPortrait UIInterfaceOrientationLandscapeLeft UIInterfaceOrientationLandscapeRight";
				LD_RUNPATH_SEARCH_PATHS = (
					"$(inherited)",
					"@executable_path/Frameworks",
				);
				MARKETING_VERSION = 1.0;
				PRODUCT_BUNDLE_IDENTIFIER = com.study.Today;
				PRODUCT_NAME = "$(TARGET_NAME)";
				SWIFT_EMIT_LOC_STRINGS = YES;
				SWIFT_VERSION = 5.0;
				TARGETED_DEVICE_FAMILY = "1,2";
			};
			name = Release;
		};
/* End XCBuildConfiguration section */

/* Begin XCConfigurationList section */
		7F96567227C5F64A00D67B28 /* Build configuration list for PBXProject "Today" */ = {
			isa = XCConfigurationList;
			buildConfigurations = (
				7F96568927C5F64B00D67B28 /* Debug */,
				7F96568A27C5F64B00D67B28 /* Release */,
			);
			defaultConfigurationIsVisible = 0;
			defaultConfigurationName = Release;
		};
		7F96568B27C5F64B00D67B28 /* Build configuration list for PBXNativeTarget "Today" */ = {
			isa = XCConfigurationList;
			buildConfigurations = (
				7F96568C27C5F64B00D67B28 /* Debug */,
				7F96568D27C5F64B00D67B28 /* Release */,
			);
			defaultConfigurationIsVisible = 0;
			defaultConfigurationName = Release;
		};
/* End XCConfigurationList section */
	};
	rootObject = 7F96566F27C5F64A00D67B28 /* Project object */;
}
